// !$*UTF8*$!
{
	archiveVersion = 1;
	classes = {
	};
	objectVersion = 56;
	objects = {

/* Begin PBXBuildFile section */
		9A3202DA2B65B63900BF5F07 /* SearchVC.swift in Sources */ = {isa = PBXBuildFile; fileRef = 9A3202D92B65B63900BF5F07 /* SearchVC.swift */; };
		9A3202DC2B65B69300BF5F07 /* FavoritesListVC.swift in Sources */ = {isa = PBXBuildFile; fileRef = 9A3202DB2B65B69300BF5F07 /* FavoritesListVC.swift */; };
		9A3202E02B65BD9100BF5F07 /* GFButton.swift in Sources */ = {isa = PBXBuildFile; fileRef = 9A3202DF2B65BD9100BF5F07 /* GFButton.swift */; };
		9A3202E22B65BFE800BF5F07 /* GFTextField.swift in Sources */ = {isa = PBXBuildFile; fileRef = 9A3202E12B65BFE800BF5F07 /* GFTextField.swift */; };
		9A3202E42B6662C600BF5F07 /* FollowerListVC.swift in Sources */ = {isa = PBXBuildFile; fileRef = 9A3202E32B6662C600BF5F07 /* FollowerListVC.swift */; };
		9A3202E62B66BCB900BF5F07 /* GFTitleLabel.swift in Sources */ = {isa = PBXBuildFile; fileRef = 9A3202E52B66BCB900BF5F07 /* GFTitleLabel.swift */; };
		9A3202E82B66C5A100BF5F07 /* GFBodyLabel.swift in Sources */ = {isa = PBXBuildFile; fileRef = 9A3202E72B66C5A100BF5F07 /* GFBodyLabel.swift */; };
		9A3202EA2B66C71000BF5F07 /* GFAlertVC.swift in Sources */ = {isa = PBXBuildFile; fileRef = 9A3202E92B66C71000BF5F07 /* GFAlertVC.swift */; };
		9A3202EC2B66E88900BF5F07 /* UIViewController+Ext.swift in Sources */ = {isa = PBXBuildFile; fileRef = 9A3202EB2B66E88900BF5F07 /* UIViewController+Ext.swift */; };
		9A3202F32B67981C00BF5F07 /* Follower.swift in Sources */ = {isa = PBXBuildFile; fileRef = 9A3202F22B67981C00BF5F07 /* Follower.swift */; };
		9A72C9CB2B76D31900E898A7 /* UIHelper.swift in Sources */ = {isa = PBXBuildFile; fileRef = 9A72C9CA2B76D31900E898A7 /* UIHelper.swift */; };
		9A884B502B62FD9200CFD19B /* AppDelegate.swift in Sources */ = {isa = PBXBuildFile; fileRef = 9A884B4F2B62FD9200CFD19B /* AppDelegate.swift */; };
		9A884B522B62FD9200CFD19B /* SceneDelegate.swift in Sources */ = {isa = PBXBuildFile; fileRef = 9A884B512B62FD9200CFD19B /* SceneDelegate.swift */; };
		9A884B592B62FD9300CFD19B /* Assets.xcassets in Resources */ = {isa = PBXBuildFile; fileRef = 9A884B582B62FD9300CFD19B /* Assets.xcassets */; };
		9A884B5C2B62FD9300CFD19B /* LaunchScreen.storyboard in Resources */ = {isa = PBXBuildFile; fileRef = 9A884B5A2B62FD9300CFD19B /* LaunchScreen.storyboard */; };
		9AC394622B67E9CD001FC1DB /* User.swift in Sources */ = {isa = PBXBuildFile; fileRef = 9AC394612B67E9CD001FC1DB /* User.swift */; };
		9AC394652B68E41D001FC1DB /* NetworkManager.swift in Sources */ = {isa = PBXBuildFile; fileRef = 9AC394642B68E41D001FC1DB /* NetworkManager.swift */; };
		9AC394682B6A49AD001FC1DB /* ErrorMessage.swift in Sources */ = {isa = PBXBuildFile; fileRef = 9AC394672B6A49AD001FC1DB /* ErrorMessage.swift */; };
		9AC3946B2B6AC788001FC1DB /* FollowerCell.swift in Sources */ = {isa = PBXBuildFile; fileRef = 9AC3946A2B6AC788001FC1DB /* FollowerCell.swift */; };
		9AC3946D2B6AC87E001FC1DB /* GFAvatarImageView.swift in Sources */ = {isa = PBXBuildFile; fileRef = 9AC3946C2B6AC87E001FC1DB /* GFAvatarImageView.swift */; };
		9AFB0D722B7BA95D0047A223 /* GFEmptyStateView.swift in Sources */ = {isa = PBXBuildFile; fileRef = 9AFB0D712B7BA95D0047A223 /* GFEmptyStateView.swift */; };
		9AFB0D742B7D24930047A223 /* UserInfoVC.swift in Sources */ = {isa = PBXBuildFile; fileRef = 9AFB0D732B7D24930047A223 /* UserInfoVC.swift */; };
/* End PBXBuildFile section */

/* Begin PBXFileReference section */
		9A3202D92B65B63900BF5F07 /* SearchVC.swift */ = {isa = PBXFileReference; lastKnownFileType = sourcecode.swift; path = SearchVC.swift; sourceTree = "<group>"; };
		9A3202DB2B65B69300BF5F07 /* FavoritesListVC.swift */ = {isa = PBXFileReference; lastKnownFileType = sourcecode.swift; path = FavoritesListVC.swift; sourceTree = "<group>"; };
		9A3202DF2B65BD9100BF5F07 /* GFButton.swift */ = {isa = PBXFileReference; lastKnownFileType = sourcecode.swift; path = GFButton.swift; sourceTree = "<group>"; };
		9A3202E12B65BFE800BF5F07 /* GFTextField.swift */ = {isa = PBXFileReference; lastKnownFileType = sourcecode.swift; path = GFTextField.swift; sourceTree = "<group>"; };
		9A3202E32B6662C600BF5F07 /* FollowerListVC.swift */ = {isa = PBXFileReference; lastKnownFileType = sourcecode.swift; path = FollowerListVC.swift; sourceTree = "<group>"; };
		9A3202E52B66BCB900BF5F07 /* GFTitleLabel.swift */ = {isa = PBXFileReference; lastKnownFileType = sourcecode.swift; path = GFTitleLabel.swift; sourceTree = "<group>"; };
		9A3202E72B66C5A100BF5F07 /* GFBodyLabel.swift */ = {isa = PBXFileReference; lastKnownFileType = sourcecode.swift; path = GFBodyLabel.swift; sourceTree = "<group>"; };
		9A3202E92B66C71000BF5F07 /* GFAlertVC.swift */ = {isa = PBXFileReference; lastKnownFileType = sourcecode.swift; path = GFAlertVC.swift; sourceTree = "<group>"; };
		9A3202EB2B66E88900BF5F07 /* UIViewController+Ext.swift */ = {isa = PBXFileReference; lastKnownFileType = sourcecode.swift; path = "UIViewController+Ext.swift"; sourceTree = "<group>"; };
		9A3202F22B67981C00BF5F07 /* Follower.swift */ = {isa = PBXFileReference; lastKnownFileType = sourcecode.swift; path = Follower.swift; sourceTree = "<group>"; };
		9A72C9CA2B76D31900E898A7 /* UIHelper.swift */ = {isa = PBXFileReference; lastKnownFileType = sourcecode.swift; path = UIHelper.swift; sourceTree = "<group>"; };
		9A884B4C2B62FD9200CFD19B /* GitHubPet.app */ = {isa = PBXFileReference; explicitFileType = wrapper.application; includeInIndex = 0; path = GitHubPet.app; sourceTree = BUILT_PRODUCTS_DIR; };
		9A884B4F2B62FD9200CFD19B /* AppDelegate.swift */ = {isa = PBXFileReference; lastKnownFileType = sourcecode.swift; path = AppDelegate.swift; sourceTree = "<group>"; };
		9A884B512B62FD9200CFD19B /* SceneDelegate.swift */ = {isa = PBXFileReference; lastKnownFileType = sourcecode.swift; path = SceneDelegate.swift; sourceTree = "<group>"; };
		9A884B582B62FD9300CFD19B /* Assets.xcassets */ = {isa = PBXFileReference; lastKnownFileType = folder.assetcatalog; path = Assets.xcassets; sourceTree = "<group>"; };
		9A884B5B2B62FD9300CFD19B /* Base */ = {isa = PBXFileReference; lastKnownFileType = file.storyboard; name = Base; path = Base.lproj/LaunchScreen.storyboard; sourceTree = "<group>"; };
		9A884B5D2B62FD9300CFD19B /* Info.plist */ = {isa = PBXFileReference; lastKnownFileType = text.plist.xml; path = Info.plist; sourceTree = "<group>"; };
		9AC394612B67E9CD001FC1DB /* User.swift */ = {isa = PBXFileReference; lastKnownFileType = sourcecode.swift; path = User.swift; sourceTree = "<group>"; };
		9AC394642B68E41D001FC1DB /* NetworkManager.swift */ = {isa = PBXFileReference; lastKnownFileType = sourcecode.swift; path = NetworkManager.swift; sourceTree = "<group>"; };
		9AC394672B6A49AD001FC1DB /* ErrorMessage.swift */ = {isa = PBXFileReference; lastKnownFileType = sourcecode.swift; path = ErrorMessage.swift; sourceTree = "<group>"; };
		9AC3946A2B6AC788001FC1DB /* FollowerCell.swift */ = {isa = PBXFileReference; lastKnownFileType = sourcecode.swift; path = FollowerCell.swift; sourceTree = "<group>"; };
		9AC3946C2B6AC87E001FC1DB /* GFAvatarImageView.swift */ = {isa = PBXFileReference; lastKnownFileType = sourcecode.swift; path = GFAvatarImageView.swift; sourceTree = "<group>"; };
		9AFB0D712B7BA95D0047A223 /* GFEmptyStateView.swift */ = {isa = PBXFileReference; lastKnownFileType = sourcecode.swift; path = GFEmptyStateView.swift; sourceTree = "<group>"; };
		9AFB0D732B7D24930047A223 /* UserInfoVC.swift */ = {isa = PBXFileReference; lastKnownFileType = sourcecode.swift; path = UserInfoVC.swift; sourceTree = "<group>"; };
/* End PBXFileReference section */

/* Begin PBXFrameworksBuildPhase section */
		9A884B492B62FD9200CFD19B /* Frameworks */ = {
			isa = PBXFrameworksBuildPhase;
			buildActionMask = 2147483647;
			files = (
			);
			runOnlyForDeploymentPostprocessing = 0;
		};
/* End PBXFrameworksBuildPhase section */

/* Begin PBXGroup section */
		9A3202ED2B678E8D00BF5F07 /* Screens */ = {
			isa = PBXGroup;
			children = (
				9A3202D92B65B63900BF5F07 /* SearchVC.swift */,
				9A3202DB2B65B69300BF5F07 /* FavoritesListVC.swift */,
				9A3202E32B6662C600BF5F07 /* FollowerListVC.swift */,
				9AFB0D732B7D24930047A223 /* UserInfoVC.swift */,
			);
			path = Screens;
			sourceTree = "<group>";
		};
		9A3202EE2B678F0200BF5F07 /* Custom Views */ = {
			isa = PBXGroup;
			children = (
				9AFB0D702B7BA8C10047A223 /* Labels */,
				9AFB0D6F2B7BA8A80047A223 /* ViewControllers */,
				9AFB0D6E2B7BA8980047A223 /* ImageViews */,
				9AFB0D6D2B7BA8860047A223 /* TextFields */,
				9AFB0D6C2B7BA8770047A223 /* Buttons */,
				9AFB0D6B2B7BA85F0047A223 /* Views */,
				9AC394692B6AC737001FC1DB /* Cells */,
			);
			path = "Custom Views";
			sourceTree = "<group>";
		};
		9A3202EF2B678F5800BF5F07 /* Extensions */ = {
			isa = PBXGroup;
			children = (
				9A3202EB2B66E88900BF5F07 /* UIViewController+Ext.swift */,
			);
			path = Extensions;
			sourceTree = "<group>";
		};
		9A3202F02B67905F00BF5F07 /* Support */ = {
			isa = PBXGroup;
			children = (
				9A884B4F2B62FD9200CFD19B /* AppDelegate.swift */,
				9A884B512B62FD9200CFD19B /* SceneDelegate.swift */,
				9A884B582B62FD9300CFD19B /* Assets.xcassets */,
				9A884B5A2B62FD9300CFD19B /* LaunchScreen.storyboard */,
			);
			path = Support;
			sourceTree = "<group>";
		};
		9A3202F12B6797EE00BF5F07 /* Model */ = {
			isa = PBXGroup;
			children = (
				9A3202F22B67981C00BF5F07 /* Follower.swift */,
				9AC394612B67E9CD001FC1DB /* User.swift */,
			);
			path = Model;
			sourceTree = "<group>";
		};
		9A884B432B62FD9200CFD19B = {
			isa = PBXGroup;
			children = (
				9A884B4E2B62FD9200CFD19B /* GitHubPet */,
				9A884B4D2B62FD9200CFD19B /* Products */,
			);
			sourceTree = "<group>";
		};
		9A884B4D2B62FD9200CFD19B /* Products */ = {
			isa = PBXGroup;
			children = (
				9A884B4C2B62FD9200CFD19B /* GitHubPet.app */,
			);
			name = Products;
			sourceTree = "<group>";
		};
		9A884B4E2B62FD9200CFD19B /* GitHubPet */ = {
			isa = PBXGroup;
			children = (
				9AC394662B6A4988001FC1DB /* Utilities */,
				9AC394632B68E3E8001FC1DB /* Managers */,
				9A3202F12B6797EE00BF5F07 /* Model */,
				9A3202EF2B678F5800BF5F07 /* Extensions */,
				9A3202EE2B678F0200BF5F07 /* Custom Views */,
				9A3202ED2B678E8D00BF5F07 /* Screens */,
				9A3202F02B67905F00BF5F07 /* Support */,
				9A884B5D2B62FD9300CFD19B /* Info.plist */,
			);
			path = GitHubPet;
			sourceTree = "<group>";
		};
		9AC394632B68E3E8001FC1DB /* Managers */ = {
			isa = PBXGroup;
			children = (
				9AC394642B68E41D001FC1DB /* NetworkManager.swift */,
			);
			path = Managers;
			sourceTree = "<group>";
		};
		9AC394662B6A4988001FC1DB /* Utilities */ = {
			isa = PBXGroup;
			children = (
				9AC394672B6A49AD001FC1DB /* ErrorMessage.swift */,
				9A72C9CA2B76D31900E898A7 /* UIHelper.swift */,
			);
			path = Utilities;
			sourceTree = "<group>";
		};
		9AC394692B6AC737001FC1DB /* Cells */ = {
			isa = PBXGroup;
			children = (
				9AC3946A2B6AC788001FC1DB /* FollowerCell.swift */,
			);
			path = Cells;
			sourceTree = "<group>";
		};
		9AFB0D6B2B7BA85F0047A223 /* Views */ = {
			isa = PBXGroup;
			children = (
				9AFB0D712B7BA95D0047A223 /* GFEmptyStateView.swift */,
			);
			path = Views;
			sourceTree = "<group>";
		};
		9AFB0D6C2B7BA8770047A223 /* Buttons */ = {
			isa = PBXGroup;
			children = (
				9A3202DF2B65BD9100BF5F07 /* GFButton.swift */,
			);
			path = Buttons;
			sourceTree = "<group>";
		};
		9AFB0D6D2B7BA8860047A223 /* TextFields */ = {
			isa = PBXGroup;
			children = (
				9A3202E12B65BFE800BF5F07 /* GFTextField.swift */,
			);
			path = TextFields;
			sourceTree = "<group>";
		};
		9AFB0D6E2B7BA8980047A223 /* ImageViews */ = {
			isa = PBXGroup;
			children = (
				9AC3946C2B6AC87E001FC1DB /* GFAvatarImageView.swift */,
			);
			path = ImageViews;
			sourceTree = "<group>";
		};
		9AFB0D6F2B7BA8A80047A223 /* ViewControllers */ = {
			isa = PBXGroup;
			children = (
				9A3202E92B66C71000BF5F07 /* GFAlertVC.swift */,
			);
			path = ViewControllers;
			sourceTree = "<group>";
		};
		9AFB0D702B7BA8C10047A223 /* Labels */ = {
			isa = PBXGroup;
			children = (
				9A3202E52B66BCB900BF5F07 /* GFTitleLabel.swift */,
				9A3202E72B66C5A100BF5F07 /* GFBodyLabel.swift */,
			);
			path = Labels;
			sourceTree = "<group>";
		};
/* End PBXGroup section */

/* Begin PBXNativeTarget section */
		9A884B4B2B62FD9200CFD19B /* GitHubPet */ = {
			isa = PBXNativeTarget;
			buildConfigurationList = 9A884B602B62FD9300CFD19B /* Build configuration list for PBXNativeTarget "GitHubPet" */;
			buildPhases = (
				9A884B482B62FD9200CFD19B /* Sources */,
				9A884B492B62FD9200CFD19B /* Frameworks */,
				9A884B4A2B62FD9200CFD19B /* Resources */,
			);
			buildRules = (
			);
			dependencies = (
			);
			name = GitHubPet;
			productName = GitHubPet;
			productReference = 9A884B4C2B62FD9200CFD19B /* GitHubPet.app */;
			productType = "com.apple.product-type.application";
		};
/* End PBXNativeTarget section */

/* Begin PBXProject section */
		9A884B442B62FD9200CFD19B /* Project object */ = {
			isa = PBXProject;
			attributes = {
				BuildIndependentTargetsInParallel = 1;
				LastSwiftUpdateCheck = 1500;
				LastUpgradeCheck = 1500;
				TargetAttributes = {
					9A884B4B2B62FD9200CFD19B = {
						CreatedOnToolsVersion = 15.0;
					};
				};
			};
			buildConfigurationList = 9A884B472B62FD9200CFD19B /* Build configuration list for PBXProject "GitHubPet" */;
			compatibilityVersion = "Xcode 14.0";
			developmentRegion = en;
			hasScannedForEncodings = 0;
			knownRegions = (
				en,
				Base,
			);
			mainGroup = 9A884B432B62FD9200CFD19B;
			productRefGroup = 9A884B4D2B62FD9200CFD19B /* Products */;
			projectDirPath = "";
			projectRoot = "";
			targets = (
				9A884B4B2B62FD9200CFD19B /* GitHubPet */,
			);
		};
/* End PBXProject section */

/* Begin PBXResourcesBuildPhase section */
		9A884B4A2B62FD9200CFD19B /* Resources */ = {
			isa = PBXResourcesBuildPhase;
			buildActionMask = 2147483647;
			files = (
				9A884B5C2B62FD9300CFD19B /* LaunchScreen.storyboard in Resources */,
				9A884B592B62FD9300CFD19B /* Assets.xcassets in Resources */,
			);
			runOnlyForDeploymentPostprocessing = 0;
		};
/* End PBXResourcesBuildPhase section */

/* Begin PBXSourcesBuildPhase section */
		9A884B482B62FD9200CFD19B /* Sources */ = {
			isa = PBXSourcesBuildPhase;
			buildActionMask = 2147483647;
			files = (
				9AC394622B67E9CD001FC1DB /* User.swift in Sources */,
				9A3202E22B65BFE800BF5F07 /* GFTextField.swift in Sources */,
				9A3202DC2B65B69300BF5F07 /* FavoritesListVC.swift in Sources */,
				9A3202E02B65BD9100BF5F07 /* GFButton.swift in Sources */,
				9A3202EC2B66E88900BF5F07 /* UIViewController+Ext.swift in Sources */,
				9A72C9CB2B76D31900E898A7 /* UIHelper.swift in Sources */,
				9AC3946D2B6AC87E001FC1DB /* GFAvatarImageView.swift in Sources */,
				9A3202DA2B65B63900BF5F07 /* SearchVC.swift in Sources */,
				9A3202EA2B66C71000BF5F07 /* GFAlertVC.swift in Sources */,
				9AC3946B2B6AC788001FC1DB /* FollowerCell.swift in Sources */,
				9AC394682B6A49AD001FC1DB /* ErrorMessage.swift in Sources */,
				9A3202E82B66C5A100BF5F07 /* GFBodyLabel.swift in Sources */,
				9A3202F32B67981C00BF5F07 /* Follower.swift in Sources */,
				9A3202E62B66BCB900BF5F07 /* GFTitleLabel.swift in Sources */,
				9AFB0D722B7BA95D0047A223 /* GFEmptyStateView.swift in Sources */,
				9AC394652B68E41D001FC1DB /* NetworkManager.swift in Sources */,
				9A3202E42B6662C600BF5F07 /* FollowerListVC.swift in Sources */,
				9A884B502B62FD9200CFD19B /* AppDelegate.swift in Sources */,
				9A884B522B62FD9200CFD19B /* SceneDelegate.swift in Sources */,
				9AFB0D742B7D24930047A223 /* UserInfoVC.swift in Sources */,
			);
			runOnlyForDeploymentPostprocessing = 0;
		};
/* End PBXSourcesBuildPhase section */

/* Begin PBXVariantGroup section */
		9A884B5A2B62FD9300CFD19B /* LaunchScreen.storyboard */ = {
			isa = PBXVariantGroup;
			children = (
				9A884B5B2B62FD9300CFD19B /* Base */,
			);
			name = LaunchScreen.storyboard;
			sourceTree = "<group>";
		};
/* End PBXVariantGroup section */

/* Begin XCBuildConfiguration section */
		9A884B5E2B62FD9300CFD19B /* Debug */ = {
			isa = XCBuildConfiguration;
			buildSettings = {
				ALWAYS_SEARCH_USER_PATHS = NO;
				ASSETCATALOG_COMPILER_GENERATE_SWIFT_ASSET_SYMBOL_EXTENSIONS = YES;
				CLANG_ANALYZER_NONNULL = YES;
				CLANG_ANALYZER_NUMBER_OBJECT_CONVERSION = YES_AGGRESSIVE;
				CLANG_CXX_LANGUAGE_STANDARD = "gnu++20";
				CLANG_ENABLE_MODULES = YES;
				CLANG_ENABLE_OBJC_ARC = YES;
				CLANG_ENABLE_OBJC_WEAK = YES;
				CLANG_WARN_BLOCK_CAPTURE_AUTORELEASING = YES;
				CLANG_WARN_BOOL_CONVERSION = YES;
				CLANG_WARN_COMMA = YES;
				CLANG_WARN_CONSTANT_CONVERSION = YES;
				CLANG_WARN_DEPRECATED_OBJC_IMPLEMENTATIONS = YES;
				CLANG_WARN_DIRECT_OBJC_ISA_USAGE = YES_ERROR;
				CLANG_WARN_DOCUMENTATION_COMMENTS = YES;
				CLANG_WARN_EMPTY_BODY = YES;
				CLANG_WARN_ENUM_CONVERSION = YES;
				CLANG_WARN_INFINITE_RECURSION = YES;
				CLANG_WARN_INT_CONVERSION = YES;
				CLANG_WARN_NON_LITERAL_NULL_CONVERSION = YES;
				CLANG_WARN_OBJC_IMPLICIT_RETAIN_SELF = YES;
				CLANG_WARN_OBJC_LITERAL_CONVERSION = YES;
				CLANG_WARN_OBJC_ROOT_CLASS = YES_ERROR;
				CLANG_WARN_QUOTED_INCLUDE_IN_FRAMEWORK_HEADER = YES;
				CLANG_WARN_RANGE_LOOP_ANALYSIS = YES;
				CLANG_WARN_STRICT_PROTOTYPES = YES;
				CLANG_WARN_SUSPICIOUS_MOVE = YES;
				CLANG_WARN_UNGUARDED_AVAILABILITY = YES_AGGRESSIVE;
				CLANG_WARN_UNREACHABLE_CODE = YES;
				CLANG_WARN__DUPLICATE_METHOD_MATCH = YES;
				COPY_PHASE_STRIP = NO;
				DEBUG_INFORMATION_FORMAT = dwarf;
				ENABLE_STRICT_OBJC_MSGSEND = YES;
				ENABLE_TESTABILITY = YES;
				ENABLE_USER_SCRIPT_SANDBOXING = YES;
				GCC_C_LANGUAGE_STANDARD = gnu17;
				GCC_DYNAMIC_NO_PIC = NO;
				GCC_NO_COMMON_BLOCKS = YES;
				GCC_OPTIMIZATION_LEVEL = 0;
				GCC_PREPROCESSOR_DEFINITIONS = (
					"DEBUG=1",
					"$(inherited)",
				);
				GCC_WARN_64_TO_32_BIT_CONVERSION = YES;
				GCC_WARN_ABOUT_RETURN_TYPE = YES_ERROR;
				GCC_WARN_UNDECLARED_SELECTOR = YES;
				GCC_WARN_UNINITIALIZED_AUTOS = YES_AGGRESSIVE;
				GCC_WARN_UNUSED_FUNCTION = YES;
				GCC_WARN_UNUSED_VARIABLE = YES;
				IPHONEOS_DEPLOYMENT_TARGET = 17.0;
				LOCALIZATION_PREFERS_STRING_CATALOGS = YES;
				MTL_ENABLE_DEBUG_INFO = INCLUDE_SOURCE;
				MTL_FAST_MATH = YES;
				ONLY_ACTIVE_ARCH = YES;
				SDKROOT = iphoneos;
				SWIFT_ACTIVE_COMPILATION_CONDITIONS = "DEBUG $(inherited)";
				SWIFT_OPTIMIZATION_LEVEL = "-Onone";
			};
			name = Debug;
		};
		9A884B5F2B62FD9300CFD19B /* Release */ = {
			isa = XCBuildConfiguration;
			buildSettings = {
				ALWAYS_SEARCH_USER_PATHS = NO;
				ASSETCATALOG_COMPILER_GENERATE_SWIFT_ASSET_SYMBOL_EXTENSIONS = YES;
				CLANG_ANALYZER_NONNULL = YES;
				CLANG_ANALYZER_NUMBER_OBJECT_CONVERSION = YES_AGGRESSIVE;
				CLANG_CXX_LANGUAGE_STANDARD = "gnu++20";
				CLANG_ENABLE_MODULES = YES;
				CLANG_ENABLE_OBJC_ARC = YES;
				CLANG_ENABLE_OBJC_WEAK = YES;
				CLANG_WARN_BLOCK_CAPTURE_AUTORELEASING = YES;
				CLANG_WARN_BOOL_CONVERSION = YES;
				CLANG_WARN_COMMA = YES;
				CLANG_WARN_CONSTANT_CONVERSION = YES;
				CLANG_WARN_DEPRECATED_OBJC_IMPLEMENTATIONS = YES;
				CLANG_WARN_DIRECT_OBJC_ISA_USAGE = YES_ERROR;
				CLANG_WARN_DOCUMENTATION_COMMENTS = YES;
				CLANG_WARN_EMPTY_BODY = YES;
				CLANG_WARN_ENUM_CONVERSION = YES;
				CLANG_WARN_INFINITE_RECURSION = YES;
				CLANG_WARN_INT_CONVERSION = YES;
				CLANG_WARN_NON_LITERAL_NULL_CONVERSION = YES;
				CLANG_WARN_OBJC_IMPLICIT_RETAIN_SELF = YES;
				CLANG_WARN_OBJC_LITERAL_CONVERSION = YES;
				CLANG_WARN_OBJC_ROOT_CLASS = YES_ERROR;
				CLANG_WARN_QUOTED_INCLUDE_IN_FRAMEWORK_HEADER = YES;
				CLANG_WARN_RANGE_LOOP_ANALYSIS = YES;
				CLANG_WARN_STRICT_PROTOTYPES = YES;
				CLANG_WARN_SUSPICIOUS_MOVE = YES;
				CLANG_WARN_UNGUARDED_AVAILABILITY = YES_AGGRESSIVE;
				CLANG_WARN_UNREACHABLE_CODE = YES;
				CLANG_WARN__DUPLICATE_METHOD_MATCH = YES;
				COPY_PHASE_STRIP = NO;
				DEBUG_INFORMATION_FORMAT = "dwarf-with-dsym";
				ENABLE_NS_ASSERTIONS = NO;
				ENABLE_STRICT_OBJC_MSGSEND = YES;
				ENABLE_USER_SCRIPT_SANDBOXING = YES;
				GCC_C_LANGUAGE_STANDARD = gnu17;
				GCC_NO_COMMON_BLOCKS = YES;
				GCC_WARN_64_TO_32_BIT_CONVERSION = YES;
				GCC_WARN_ABOUT_RETURN_TYPE = YES_ERROR;
				GCC_WARN_UNDECLARED_SELECTOR = YES;
				GCC_WARN_UNINITIALIZED_AUTOS = YES_AGGRESSIVE;
				GCC_WARN_UNUSED_FUNCTION = YES;
				GCC_WARN_UNUSED_VARIABLE = YES;
				IPHONEOS_DEPLOYMENT_TARGET = 17.0;
				LOCALIZATION_PREFERS_STRING_CATALOGS = YES;
				MTL_ENABLE_DEBUG_INFO = NO;
				MTL_FAST_MATH = YES;
				SDKROOT = iphoneos;
				SWIFT_COMPILATION_MODE = wholemodule;
				VALIDATE_PRODUCT = YES;
			};
			name = Release;
		};
		9A884B612B62FD9300CFD19B /* Debug */ = {
			isa = XCBuildConfiguration;
			buildSettings = {
				ASSETCATALOG_COMPILER_APPICON_NAME = AppIcon;
				ASSETCATALOG_COMPILER_GLOBAL_ACCENT_COLOR_NAME = AccentColor;
				CODE_SIGN_IDENTITY = "Apple Development";
				CODE_SIGN_STYLE = Manual;
				CURRENT_PROJECT_VERSION = 1;
				DEVELOPMENT_TEAM = "";
				GENERATE_INFOPLIST_FILE = YES;
				INFOPLIST_FILE = GitHubPet/Info.plist;
				INFOPLIST_KEY_UIApplicationSupportsIndirectInputEvents = YES;
				INFOPLIST_KEY_UILaunchStoryboardName = LaunchScreen;
				INFOPLIST_KEY_UISupportedInterfaceOrientations = "UIInterfaceOrientationLandscapeLeft UIInterfaceOrientationLandscapeRight UIInterfaceOrientationPortrait";
				INFOPLIST_KEY_UISupportedInterfaceOrientations_iPad = UIInterfaceOrientationPortrait;
				LD_RUNPATH_SEARCH_PATHS = (
					"$(inherited)",
					"@executable_path/Frameworks",
				);
				MARKETING_VERSION = 1.0;
				PRODUCT_BUNDLE_IDENTIFIER = com.artyompetrichenko.GHPet;
				PRODUCT_NAME = "$(TARGET_NAME)";
				PROVISIONING_PROFILE_SPECIFIER = "";
				SWIFT_EMIT_LOC_STRINGS = YES;
				SWIFT_VERSION = 5.0;
				TARGETED_DEVICE_FAMILY = "1,2";
			};
			name = Debug;
		};
		9A884B622B62FD9300CFD19B /* Release */ = {
			isa = XCBuildConfiguration;
			buildSettings = {
				ASSETCATALOG_COMPILER_APPICON_NAME = AppIcon;
				ASSETCATALOG_COMPILER_GLOBAL_ACCENT_COLOR_NAME = AccentColor;
				CODE_SIGN_STYLE = Manual;
				CURRENT_PROJECT_VERSION = 1;
				DEVELOPMENT_TEAM = "";
				GENERATE_INFOPLIST_FILE = YES;
				INFOPLIST_FILE = GitHubPet/Info.plist;
				INFOPLIST_KEY_UIApplicationSupportsIndirectInputEvents = YES;
				INFOPLIST_KEY_UILaunchStoryboardName = LaunchScreen;
				INFOPLIST_KEY_UISupportedInterfaceOrientations = "UIInterfaceOrientationLandscapeLeft UIInterfaceOrientationLandscapeRight UIInterfaceOrientationPortrait";
				INFOPLIST_KEY_UISupportedInterfaceOrientations_iPad = UIInterfaceOrientationPortrait;
				LD_RUNPATH_SEARCH_PATHS = (
					"$(inherited)",
					"@executable_path/Frameworks",
				);
				MARKETING_VERSION = 1.0;
				PRODUCT_BUNDLE_IDENTIFIER = com.artyompetrichenko.GitHubPet;
				PRODUCT_NAME = "$(TARGET_NAME)";
				PROVISIONING_PROFILE_SPECIFIER = "";
				SWIFT_EMIT_LOC_STRINGS = YES;
				SWIFT_VERSION = 5.0;
				TARGETED_DEVICE_FAMILY = "1,2";
			};
			name = Release;
		};
/* End XCBuildConfiguration section */

/* Begin XCConfigurationList section */
		9A884B472B62FD9200CFD19B /* Build configuration list for PBXProject "GitHubPet" */ = {
			isa = XCConfigurationList;
			buildConfigurations = (
				9A884B5E2B62FD9300CFD19B /* Debug */,
				9A884B5F2B62FD9300CFD19B /* Release */,
			);
			defaultConfigurationIsVisible = 0;
			defaultConfigurationName = Release;
		};
		9A884B602B62FD9300CFD19B /* Build configuration list for PBXNativeTarget "GitHubPet" */ = {
			isa = XCConfigurationList;
			buildConfigurations = (
				9A884B612B62FD9300CFD19B /* Debug */,
				9A884B622B62FD9300CFD19B /* Release */,
			);
			defaultConfigurationIsVisible = 0;
			defaultConfigurationName = Release;
		};
/* End XCConfigurationList section */
	};
	rootObject = 9A884B442B62FD9200CFD19B /* Project object */;
}
